# This file is automatically @generated by Cargo.
# It is not intended for manual editing.
[[package]]
name = "byteorder"
version = "1.4.2"
source = "registry+https://github.com/rust-lang/crates.io-index"
checksum = "ae44d1a3d5a19df61dd0c8beb138458ac2a53a7ac09eba97d55592540004306b"

[[package]]
name = "dces"
version = "0.4.0"
source = "git+https://gitlab.redox-os.org/redox-os/dces-rust.git?branch=develop#f7637591a7eca2138427db0e837053d0d58b75a2"
dependencies = [
 "fxhash",
]

[[package]]
name = "fxhash"
version = "0.2.1"
source = "registry+https://github.com/rust-lang/crates.io-index"
checksum = "c31b6d751ae2c7f11320402d34e41349dd1016f8d5d45e48c4312bc8625af50c"
dependencies = [
 "byteorder",
]

[[package]]
name = "orbtk"
version = "0.4.0-alpha4"
dependencies = [
 "orbtk_base",
 "orbtk_orbclient",
 "orbtk_shell",
 "orbtk_widgets",
]

[[package]]
name = "orbtk_base"
version = "0.4.0"
dependencies = [
 "dces",
]

[[package]]
name = "orbtk_orbclient"
version = "0.4.0"
dependencies = [
 "dces",
]

[[package]]
name = "orbtk_shell"
version = "0.4.0"
dependencies = [
 "dces",
]

[[package]]
name = "orbtk_widgets"
version = "0.4.0"
dependencies = [
 "dces",
]
